
Microsoft Visual Studio Solution File, Format Version 12.00
# Visual Studio Version 16
VisualStudioVersion = 16.0.30503.244
MinimumVisualStudioVersion = 10.0.40219.1
Project("{FAE04EC0-301F-11D3-BF4B-00C04F79EFBC}") = "ConsolePhoneBook", "ConsolePhoneBook\ConsolePhoneBook.csproj", "{AECF214E-C3FB-4196-9E08-1A03430C1366}"
EndProject
Global
	GlobalSection(SolutionConfigurationPlatforms) = preSolution
		Debug|Any CPU = Debug|Any CPU
		Release|Any CPU = Release|Any CPU
	EndGlobalSection
	GlobalSection(ProjectConfigurationPlatforms) = postSolution
		{AECF214E-C3FB-4196-9E08-1A03430C1366}.Debug|Any CPU.ActiveCfg = Debug|Any CPU
		{AECF214E-C3FB-4196-9E08-1A03430C1366}.Debug|Any CPU.Build.0 = Debug|Any CPU
		{AECF214E-C3FB-4196-9E08-1A03430C1366}.Release|Any CPU.ActiveCfg = Release|Any CPU
		{AECF214E-C3FB-4196-9E08-1A03430C1366}.Release|Any CPU.Build.0 = Release|Any CPU
	EndGlobalSection
	GlobalSection(SolutionProperties) = preSolution
		HideSolutionNode = FALSE
	EndGlobalSection
	GlobalSection(ExtensibilityGlobals) = postSolution
		SolutionGuid = {90029BF1-668E-46BF-95C3-E96EE047237C}
	EndGlobalSection
EndGlobal
